
Microsoft Visual Studio Solution File, Format Version 12.00
# Visual Studio Version 17
VisualStudioVersion = 17.11.35303.130
MinimumVisualStudioVersion = 10.0.40219.1
Project("{2150E333-8FDC-42A3-9474-1A3956D46DE8}") = "Task0", "Task0", "{8F6C2E2F-5FED-46CA-BCEC-A1C8A7B27D30}"
EndProject
Project("{FAE04EC0-301F-11D3-BF4B-00C04F79EFBC}") = "Tyuiu.BondarevTK.Sprint5.Task0.V18", "Tyuiu.BondarevTK.Sprint5.Task0.V18\Tyuiu.BondarevTK.Sprint5.Task0.V18.csproj", "{86F4D2C0-BF2C-49E0-9B48-B98FB2095E41}"
EndProject
Project("{FAE04EC0-301F-11D3-BF4B-00C04F79EFBC}") = "Tyuiu.BondarevTK.Sprint5.Task0.V18.Lib", "Tyuiu.BondarevTK.Sprint5.Task0.V18.Lib\Tyuiu.BondarevTK.Sprint5.Task0.V18.Lib.csproj", "{F13B7863-FB8D-4215-A317-34F3B18E5838}"
EndProject
Project("{FAE04EC0-301F-11D3-BF4B-00C04F79EFBC}") = "Tyuiu.BondarevTK.Sprint5.Task0.V18.Test", "Tyuiu.BondarevTK.Sprint5.Task0.V18.Test\Tyuiu.BondarevTK.Sprint5.Task0.V18.Test.csproj", "{18A60952-B6D0-4EFA-A96A-23E02B7BE552}"
EndProject
Project("{2150E333-8FDC-42A3-9474-1A3956D46DE8}") = "Task1", "Task1", "{64E44C76-7828-493A-B09B-A534A7E72C80}"
EndProject
Project("{FAE04EC0-301F-11D3-BF4B-00C04F79EFBC}") = "Tyuiu.BondarevTK.Sprint5.Task1.V11", "Tyuiu.BondarevTK.Sprint5.Task1.V11\Tyuiu.BondarevTK.Sprint5.Task1.V11.csproj", "{DB8EAC99-7592-40D5-9303-49B62B783ED8}"
EndProject
Project("{FAE04EC0-301F-11D3-BF4B-00C04F79EFBC}") = "Tyuiu.BondarevTK.Sprint5.Task1.V11.Test", "Tyuiu.BondarevTK.Sprint5.Task1.V11.Test\Tyuiu.BondarevTK.Sprint5.Task1.V11.Test.csproj", "{EEDC6FB4-0B23-4A74-9527-270364652A00}"
EndProject
Project("{FAE04EC0-301F-11D3-BF4B-00C04F79EFBC}") = "Tyuiu.BondarevTK.Sprint5.Task1.V11.Lib", "Tyuiu.BondarevTK.Sprint5.Task1.V11.Lib\Tyuiu.BondarevTK.Sprint5.Task1.V11.Lib.csproj", "{CF3ACD34-413B-4801-9D43-BDFC9D1C95FB}"
EndProject
Project("{2150E333-8FDC-42A3-9474-1A3956D46DE8}") = "Task2", "Task2", "{7A416741-1781-4B28-BFC6-919A921D2E71}"
EndProject
Project("{FAE04EC0-301F-11D3-BF4B-00C04F79EFBC}") = "Tyuiu.BondarevTK.Sprint5.Task2.V7", "Tyuiu.BondarevTK.Sprint5.Task2.V7\Tyuiu.BondarevTK.Sprint5.Task2.V7.csproj", "{F2206DAF-2599-41DC-8C81-F30981C9C956}"
EndProject
Project("{FAE04EC0-301F-11D3-BF4B-00C04F79EFBC}") = "Tyuiu.BondarevTK.Sprint5.Task2.V7.Lib", "Tyuiu.BondarevTK.Sprint5.Task2.V7.Lib\Tyuiu.BondarevTK.Sprint5.Task2.V7.Lib.csproj", "{A2AAAC18-96D0-456C-B819-2E16DC4E6C0B}"
EndProject
Project("{FAE04EC0-301F-11D3-BF4B-00C04F79EFBC}") = "Tyuiu.BondarevTK.Sprint5.Task2.V7.Test", "Tyuiu.BondarevTK.Sprint5.Task2.V7.Test\Tyuiu.BondarevTK.Sprint5.Task2.V7.Test.csproj", "{F810FABA-5B46-4F13-A57E-6F16B7BA7BC0}"
EndProject
Project("{2150E333-8FDC-42A3-9474-1A3956D46DE8}") = "Task3", "Task3", "{ECB6CCF2-68E4-4BFE-9DCB-D6DE337B552A}"
EndProject
Project("{FAE04EC0-301F-11D3-BF4B-00C04F79EFBC}") = "Tyuiu.BondarevTK.Sprint5.Task3.V18", "Tyuiu.BondarevTK.Sprint5.Task3.V18\Tyuiu.BondarevTK.Sprint5.Task3.V18.csproj", "{95568360-FE5A-4A63-9676-C3736939B4DC}"
EndProject
Project("{FAE04EC0-301F-11D3-BF4B-00C04F79EFBC}") = "Tyuiu.BondarevTK.Sprint5.Task3.V18.Lib", "Tyuiu.BondarevTK.Sprint5.Task3.V18.Lib\Tyuiu.BondarevTK.Sprint5.Task3.V18.Lib.csproj", "{151456A0-8DE1-45A8-817F-D7C9682C450E}"
EndProject
Project("{FAE04EC0-301F-11D3-BF4B-00C04F79EFBC}") = "Tyuiu.BondarevTK.Sprint5.Task3.V18.Test", "Tyuiu.BondarevTK.Sprint5.Task3.V18.Test\Tyuiu.BondarevTK.Sprint5.Task3.V18.Test.csproj", "{65AEA6B9-FB88-46B7-8897-22BE2E003AB0}"
EndProject
Global
	GlobalSection(SolutionConfigurationPlatforms) = preSolution
		Debug|Any CPU = Debug|Any CPU
		Release|Any CPU = Release|Any CPU
	EndGlobalSection
	GlobalSection(ProjectConfigurationPlatforms) = postSolution
		{86F4D2C0-BF2C-49E0-9B48-B98FB2095E41}.Debug|Any CPU.ActiveCfg = Debug|Any CPU
		{86F4D2C0-BF2C-49E0-9B48-B98FB2095E41}.Debug|Any CPU.Build.0 = Debug|Any CPU
		{86F4D2C0-BF2C-49E0-9B48-B98FB2095E41}.Release|Any CPU.ActiveCfg = Release|Any CPU
		{86F4D2C0-BF2C-49E0-9B48-B98FB2095E41}.Release|Any CPU.Build.0 = Release|Any CPU
		{F13B7863-FB8D-4215-A317-34F3B18E5838}.Debug|Any CPU.ActiveCfg = Debug|Any CPU
		{F13B7863-FB8D-4215-A317-34F3B18E5838}.Debug|Any CPU.Build.0 = Debug|Any CPU
		{F13B7863-FB8D-4215-A317-34F3B18E5838}.Release|Any CPU.ActiveCfg = Release|Any CPU
		{F13B7863-FB8D-4215-A317-34F3B18E5838}.Release|Any CPU.Build.0 = Release|Any CPU
		{18A60952-B6D0-4EFA-A96A-23E02B7BE552}.Debug|Any CPU.ActiveCfg = Debug|Any CPU
		{18A60952-B6D0-4EFA-A96A-23E02B7BE552}.Debug|Any CPU.Build.0 = Debug|Any CPU
		{18A60952-B6D0-4EFA-A96A-23E02B7BE552}.Release|Any CPU.ActiveCfg = Release|Any CPU
		{18A60952-B6D0-4EFA-A96A-23E02B7BE552}.Release|Any CPU.Build.0 = Release|Any CPU
		{DB8EAC99-7592-40D5-9303-49B62B783ED8}.Debug|Any CPU.ActiveCfg = Debug|Any CPU
		{DB8EAC99-7592-40D5-9303-49B62B783ED8}.Debug|Any CPU.Build.0 = Debug|Any CPU
		{DB8EAC99-7592-40D5-9303-49B62B783ED8}.Release|Any CPU.ActiveCfg = Release|Any CPU
		{DB8EAC99-7592-40D5-9303-49B62B783ED8}.Release|Any CPU.Build.0 = Release|Any CPU
		{EEDC6FB4-0B23-4A74-9527-270364652A00}.Debug|Any CPU.ActiveCfg = Debug|Any CPU
		{EEDC6FB4-0B23-4A74-9527-270364652A00}.Debug|Any CPU.Build.0 = Debug|Any CPU
		{EEDC6FB4-0B23-4A74-9527-270364652A00}.Release|Any CPU.ActiveCfg = Release|Any CPU
		{EEDC6FB4-0B23-4A74-9527-270364652A00}.Release|Any CPU.Build.0 = Release|Any CPU
		{CF3ACD34-413B-4801-9D43-BDFC9D1C95FB}.Debug|Any CPU.ActiveCfg = Debug|Any CPU
		{CF3ACD34-413B-4801-9D43-BDFC9D1C95FB}.Debug|Any CPU.Build.0 = Debug|Any CPU
		{CF3ACD34-413B-4801-9D43-BDFC9D1C95FB}.Release|Any CPU.ActiveCfg = Release|Any CPU
		{CF3ACD34-413B-4801-9D43-BDFC9D1C95FB}.Release|Any CPU.Build.0 = Release|Any CPU
		{F2206DAF-2599-41DC-8C81-F30981C9C956}.Debug|Any CPU.ActiveCfg = Debug|Any CPU
		{F2206DAF-2599-41DC-8C81-F30981C9C956}.Debug|Any CPU.Build.0 = Debug|Any CPU
		{F2206DAF-2599-41DC-8C81-F30981C9C956}.Release|Any CPU.ActiveCfg = Release|Any CPU
		{F2206DAF-2599-41DC-8C81-F30981C9C956}.Release|Any CPU.Build.0 = Release|Any CPU
		{A2AAAC18-96D0-456C-B819-2E16DC4E6C0B}.Debug|Any CPU.ActiveCfg = Debug|Any CPU
		{A2AAAC18-96D0-456C-B819-2E16DC4E6C0B}.Debug|Any CPU.Build.0 = Debug|Any CPU
		{A2AAAC18-96D0-456C-B819-2E16DC4E6C0B}.Release|Any CPU.ActiveCfg = Release|Any CPU
		{A2AAAC18-96D0-456C-B819-2E16DC4E6C0B}.Release|Any CPU.Build.0 = Release|Any CPU
		{F810FABA-5B46-4F13-A57E-6F16B7BA7BC0}.Debug|Any CPU.ActiveCfg = Debug|Any CPU
		{F810FABA-5B46-4F13-A57E-6F16B7BA7BC0}.Debug|Any CPU.Build.0 = Debug|Any CPU
		{F810FABA-5B46-4F13-A57E-6F16B7BA7BC0}.Release|Any CPU.ActiveCfg = Release|Any CPU
		{F810FABA-5B46-4F13-A57E-6F16B7BA7BC0}.Release|Any CPU.Build.0 = Release|Any CPU
		{95568360-FE5A-4A63-9676-C3736939B4DC}.Debug|Any CPU.ActiveCfg = Debug|Any CPU
		{95568360-FE5A-4A63-9676-C3736939B4DC}.Debug|Any CPU.Build.0 = Debug|Any CPU
		{95568360-FE5A-4A63-9676-C3736939B4DC}.Release|Any CPU.ActiveCfg = Release|Any CPU
		{95568360-FE5A-4A63-9676-C3736939B4DC}.Release|Any CPU.Build.0 = Release|Any CPU
		{151456A0-8DE1-45A8-817F-D7C9682C450E}.Debug|Any CPU.ActiveCfg = Debug|Any CPU
		{151456A0-8DE1-45A8-817F-D7C9682C450E}.Debug|Any CPU.Build.0 = Debug|Any CPU
		{151456A0-8DE1-45A8-817F-D7C9682C450E}.Release|Any CPU.ActiveCfg = Release|Any CPU
		{151456A0-8DE1-45A8-817F-D7C9682C450E}.Release|Any CPU.Build.0 = Release|Any CPU
		{65AEA6B9-FB88-46B7-8897-22BE2E003AB0}.Debug|Any CPU.ActiveCfg = Debug|Any CPU
		{65AEA6B9-FB88-46B7-8897-22BE2E003AB0}.Debug|Any CPU.Build.0 = Debug|Any CPU
		{65AEA6B9-FB88-46B7-8897-22BE2E003AB0}.Release|Any CPU.ActiveCfg = Release|Any CPU
		{65AEA6B9-FB88-46B7-8897-22BE2E003AB0}.Release|Any CPU.Build.0 = Release|Any CPU
	EndGlobalSection
	GlobalSection(SolutionProperties) = preSolution
		HideSolutionNode = FALSE
	EndGlobalSection
	GlobalSection(NestedProjects) = preSolution
		{86F4D2C0-BF2C-49E0-9B48-B98FB2095E41} = {8F6C2E2F-5FED-46CA-BCEC-A1C8A7B27D30}
		{F13B7863-FB8D-4215-A317-34F3B18E5838} = {8F6C2E2F-5FED-46CA-BCEC-A1C8A7B27D30}
		{18A60952-B6D0-4EFA-A96A-23E02B7BE552} = {8F6C2E2F-5FED-46CA-BCEC-A1C8A7B27D30}
		{DB8EAC99-7592-40D5-9303-49B62B783ED8} = {64E44C76-7828-493A-B09B-A534A7E72C80}
		{EEDC6FB4-0B23-4A74-9527-270364652A00} = {64E44C76-7828-493A-B09B-A534A7E72C80}
		{CF3ACD34-413B-4801-9D43-BDFC9D1C95FB} = {64E44C76-7828-493A-B09B-A534A7E72C80}
		{F2206DAF-2599-41DC-8C81-F30981C9C956} = {7A416741-1781-4B28-BFC6-919A921D2E71}
		{A2AAAC18-96D0-456C-B819-2E16DC4E6C0B} = {7A416741-1781-4B28-BFC6-919A921D2E71}
		{F810FABA-5B46-4F13-A57E-6F16B7BA7BC0} = {7A416741-1781-4B28-BFC6-919A921D2E71}
		{95568360-FE5A-4A63-9676-C3736939B4DC} = {ECB6CCF2-68E4-4BFE-9DCB-D6DE337B552A}
		{151456A0-8DE1-45A8-817F-D7C9682C450E} = {ECB6CCF2-68E4-4BFE-9DCB-D6DE337B552A}
		{65AEA6B9-FB88-46B7-8897-22BE2E003AB0} = {ECB6CCF2-68E4-4BFE-9DCB-D6DE337B552A}
	EndGlobalSection
	GlobalSection(ExtensibilityGlobals) = postSolution
		SolutionGuid = {B570A9A6-DBC8-4004-B05D-5029A1366FA1}
	EndGlobalSection
EndGlobal
